PODS:
  - Alamofire (4.6.0)
  - Differentiator (3.0.2)
  - Kingfisher (4.6.1)
  - RandomKit (5.2.3):
    - ShiftOperations (~> 1.0.2)
    - Threadly (~> 1.0)
  - Realm (3.1.0):
    - Realm/Headers (= 3.1.0)
  - Realm/Headers (3.1.0)
  - RealmSwift (3.1.0):
    - Realm (= 3.1.0)
  - RxAlamofire (4.0.0):
    - RxAlamofire/Core (= 4.0.0)
  - RxAlamofire/Core (4.0.0):
    - Alamofire (~> 4.5)
    - RxSwift (~> 4.0)
  - RxBlocking (4.1.2):
    - RxSwift (~> 4.0)
  - RxCocoa (4.1.1):
    - RxSwift (~> 4.0)
  - RxDataSources (3.0.2):
    - Differentiator (~> 3.0)
    - RxCocoa (~> 4.0)
    - RxSwift (~> 4.0)
  - RxGesture (1.2.1):
    - RxCocoa (~> 4.0)
    - RxSwift (~> 4.0)
  - RxRealm (0.7.5):
    - RealmSwift (~> 3.0)
    - RxSwift (~> 4.0)
  - RxSwift (4.1.1)
  - RxSwiftExt (3.1.0):
    - RxSwiftExt/Core (= 3.1.0)
  - RxSwiftExt/Core (3.1.0):
    - RxSwift (~> 4.0)
  - RxTest (4.1.2):
    - RxSwift (~> 4.0)
  - ShiftOperations (1.0.2)
  - Threadly (1.2.0)

DEPENDENCIES:
  - Alamofire
  - Kingfisher
  - RandomKit
  - RealmSwift
  - RxAlamofire
  - RxBlocking
  - RxCocoa
  - RxDataSources
  - RxGesture
  - RxRealm
  - RxSwift
  - RxSwiftExt
  - RxTest

SPEC CHECKSUMS:
  Alamofire: f41a599bd63041760b26d393ec1069d9d7b917f4
  Differentiator: a87be69eba49ec4ab460c7671143ee3a9eececfd
  Kingfisher: 1f9157d9c02b380cbd0b7cc890161195164eb634
  RandomKit: 380745911c4f7989707489b2ce297194bfcf5031
  Realm: 09513d7c054678d65cd02ce09871f805b0d758ac
  RealmSwift: e868fee9b10e5490ad94b6b6ecd9027944da1824
  RxAlamofire: 6ea579ac53bf14cb4bc7049a3866e5a769989b1d
  RxBlocking: f6054985901412fc8c02daa84e92d4ba68c61389
  RxCocoa: fd0862fd2df95fa55562ad28ffd2522c25eb4a85
  RxDataSources: cb7c31e652a87ebb919da45f716bbb87b3765f6b
  RxGesture: c278eb05b187abd47e11e65464ae4de53ab71d95
  RxRealm: a6c6c0a07cb61f34209969ca6657734edfdfff30
  RxSwift: c6e3b1c7b325c7d121cd4327e9d98b7ed746b570
  RxSwiftExt: a9b9c8e94be009146707f9fcb16eaf3cc1f3910c
  RxTest: e634f15fd2c2cd0e0120132ef7a4f7be69ad0393
  ShiftOperations: 702c9aa98d3b20d98dceb71dd8437b562f7ab3ad
  Threadly: b772ed7c1ff4a3f03eb4600bbc5ef83b3be5cb29

PODFILE CHECKSUM: 28289ad7510a62291dc127903f7695106f2c1aee

COCOAPODS: 1.4.0
