// !$*UTF8*$!
{
	archiveVersion = 1;
	classes = {
	};
	objectVersion = 48;
	objects = {

/* Begin PBXBuildFile section */
		3B860CE2B3095EA49462DCC1 /* Pods_RxPokedexUITests.framework in Frameworks */ = {isa = PBXBuildFile; fileRef = E0075F47ED3DC97C87772879 /* Pods_RxPokedexUITests.framework */; };
		490340F72028E7D700F90214 /* IntTests.swift in Sources */ = {isa = PBXBuildFile; fileRef = 490340F62028E7D700F90214 /* IntTests.swift */; };
		490AAF84202B54F500BDED68 /* Array.swift in Sources */ = {isa = PBXBuildFile; fileRef = 490AAF83202B54F500BDED68 /* Array.swift */; };
		4917787F2012FBF5009D599D /* JSONPokemonResult.swift in Sources */ = {isa = PBXBuildFile; fileRef = 4917787E2012FBF5009D599D /* JSONPokemonResult.swift */; };
		491778812012FC65009D599D /* JSONPokemon.swift in Sources */ = {isa = PBXBuildFile; fileRef = 491778802012FC65009D599D /* JSONPokemon.swift */; };
		491778832012FDBB009D599D /* Parse.swift in Sources */ = {isa = PBXBuildFile; fileRef = 491778822012FDBB009D599D /* Parse.swift */; };
		493312D4202CDA9C00360FF4 /* rollingPokeball.gif in Resources */ = {isa = PBXBuildFile; fileRef = 493312D3202CDA9C00360FF4 /* rollingPokeball.gif */; };
		493312D6202CE96900360FF4 /* Realm.swift in Sources */ = {isa = PBXBuildFile; fileRef = 493312D5202CE96900360FF4 /* Realm.swift */; };
		493312D8202CEE3500360FF4 /* PersistenceError.swift in Sources */ = {isa = PBXBuildFile; fileRef = 493312D7202CEE3500360FF4 /* PersistenceError.swift */; };
		494308082032211400D103A0 /* CaughtPokemonSection.swift in Sources */ = {isa = PBXBuildFile; fileRef = 494308072032211400D103A0 /* CaughtPokemonSection.swift */; };
		4943080D20324E8E00D103A0 /* CaughtPokemonDataSource.swift in Sources */ = {isa = PBXBuildFile; fileRef = 4943080C20324E8E00D103A0 /* CaughtPokemonDataSource.swift */; };
		4943080F2033593900D103A0 /* CaughtPokemonInteractor.swift in Sources */ = {isa = PBXBuildFile; fileRef = 4943080E2033593800D103A0 /* CaughtPokemonInteractor.swift */; };
		49430811203487E300D103A0 /* Dictionary.swift in Sources */ = {isa = PBXBuildFile; fileRef = 49430810203487E300D103A0 /* Dictionary.swift */; };
		494308152035D28E00D103A0 /* ArrayTests.swift in Sources */ = {isa = PBXBuildFile; fileRef = 494308142035D28E00D103A0 /* ArrayTests.swift */; };
		4943081B20360F1100D103A0 /* CaughtPokemonTableViewDelegate.swift in Sources */ = {isa = PBXBuildFile; fileRef = 4943081A20360F1100D103A0 /* CaughtPokemonTableViewDelegate.swift */; };
		4943081D20361D1E00D103A0 /* CaughtPokemonRouter.swift in Sources */ = {isa = PBXBuildFile; fileRef = 4943081C20361D1E00D103A0 /* CaughtPokemonRouter.swift */; };
		494FDE752012E3FE00D0B57D /* WildPokemonDataSource.swift in Sources */ = {isa = PBXBuildFile; fileRef = 494FDE742012E3FE00D0B57D /* WildPokemonDataSource.swift */; };
		494FDE772012F57200D0B57D /* API.swift in Sources */ = {isa = PBXBuildFile; fileRef = 494FDE762012F57200D0B57D /* API.swift */; };
		495407F61FA650A000F67BF4 /* UIColor.swift in Sources */ = {isa = PBXBuildFile; fileRef = 495407F51FA650A000F67BF4 /* UIColor.swift */; };
		495407F81FA652BF00F67BF4 /* WildPokemonSection.swift in Sources */ = {isa = PBXBuildFile; fileRef = 495407F71FA652BF00F67BF4 /* WildPokemonSection.swift */; };
		495407FA1FA76DD100F67BF4 /* WildPokemonInteractor.swift in Sources */ = {isa = PBXBuildFile; fileRef = 495407F91FA76DD100F67BF4 /* WildPokemonInteractor.swift */; };
		49982A80201A799C00808EA5 /* Collection.swift in Sources */ = {isa = PBXBuildFile; fileRef = 49982A7F201A799C00808EA5 /* Collection.swift */; };
		499C32531FA2BEF30071A110 /* AppDelegate.swift in Sources */ = {isa = PBXBuildFile; fileRef = 499C32521FA2BEF30071A110 /* AppDelegate.swift */; };
		499C32551FA2BEF30071A110 /* WildPokemonViewController.swift in Sources */ = {isa = PBXBuildFile; fileRef = 499C32541FA2BEF30071A110 /* WildPokemonViewController.swift */; };
		499C32581FA2BEF30071A110 /* Main.storyboard in Resources */ = {isa = PBXBuildFile; fileRef = 499C32561FA2BEF30071A110 /* Main.storyboard */; };
		499C325A1FA2BEF30071A110 /* Assets.xcassets in Resources */ = {isa = PBXBuildFile; fileRef = 499C32591FA2BEF30071A110 /* Assets.xcassets */; };
		499C325D1FA2BEF30071A110 /* LaunchScreen.storyboard in Resources */ = {isa = PBXBuildFile; fileRef = 499C325B1FA2BEF30071A110 /* LaunchScreen.storyboard */; };
		499C32681FA2BEF30071A110 /* RxPokedexTests.swift in Sources */ = {isa = PBXBuildFile; fileRef = 499C32671FA2BEF30071A110 /* RxPokedexTests.swift */; };
		499C32731FA2BEF30071A110 /* RxPokedexUITests.swift in Sources */ = {isa = PBXBuildFile; fileRef = 499C32721FA2BEF30071A110 /* RxPokedexUITests.swift */; };
		499C32831FA395200071A110 /* WildPokemonCell.swift in Sources */ = {isa = PBXBuildFile; fileRef = 499C32821FA395200071A110 /* WildPokemonCell.swift */; };
		49B8FDE21FA4081E008C283B /* WildPokemonSectionView.swift in Sources */ = {isa = PBXBuildFile; fileRef = 49B8FDE11FA4081E008C283B /* WildPokemonSectionView.swift */; };
		49B8FDE51FA418BB008C283B /* Pokemon.swift in Sources */ = {isa = PBXBuildFile; fileRef = 49B8FDE41FA418BB008C283B /* Pokemon.swift */; };
		49B8FDE71FA4E6A8008C283B /* WildPokemonPresenter.swift in Sources */ = {isa = PBXBuildFile; fileRef = 49B8FDE61FA4E6A8008C283B /* WildPokemonPresenter.swift */; };
		49B8FDEA1FA4F87A008C283B /* RealmPokemon.swift in Sources */ = {isa = PBXBuildFile; fileRef = 49B8FDE91FA4F87A008C283B /* RealmPokemon.swift */; };
		49B8FDED1FA4FA2A008C283B /* RemotePokemonManager.swift in Sources */ = {isa = PBXBuildFile; fileRef = 49B8FDEC1FA4FA2A008C283B /* RemotePokemonManager.swift */; };
		49B8FDF01FA4FFE6008C283B /* LoadingViewController.swift in Sources */ = {isa = PBXBuildFile; fileRef = 49B8FDEF1FA4FFE6008C283B /* LoadingViewController.swift */; };
		49B8FDF21FA50647008C283B /* InjectionMap.swift in Sources */ = {isa = PBXBuildFile; fileRef = 49B8FDF11FA50647008C283B /* InjectionMap.swift */; };
		49B8FDF51FA5068F008C283B /* RemotePokemonInjection.swift in Sources */ = {isa = PBXBuildFile; fileRef = 49B8FDF41FA5068F008C283B /* RemotePokemonInjection.swift */; };
		49B8FDF71FA507B5008C283B /* LoadingViewModel.swift in Sources */ = {isa = PBXBuildFile; fileRef = 49B8FDF61FA507B5008C283B /* LoadingViewModel.swift */; };
		49B8FDF91FA523CD008C283B /* JSONPokemonDetail.swift in Sources */ = {isa = PBXBuildFile; fileRef = 49B8FDF81FA523CD008C283B /* JSONPokemonDetail.swift */; };
		49DB113A201BAE0B00CEC0CB /* CollectionTests.swift in Sources */ = {isa = PBXBuildFile; fileRef = 49DB1139201BAE0B00CEC0CB /* CollectionTests.swift */; };
		49E9ABC420192CA90038A14D /* UIImage.swift in Sources */ = {isa = PBXBuildFile; fileRef = 49E9ABC320192CA90038A14D /* UIImage.swift */; };
		49E9ABC620192DCC0038A14D /* Int.swift in Sources */ = {isa = PBXBuildFile; fileRef = 49E9ABC520192DCC0038A14D /* Int.swift */; };
		49FFBAD6202E085000A7668F /* RealmPokemonService.swift in Sources */ = {isa = PBXBuildFile; fileRef = 49FFBAD5202E085000A7668F /* RealmPokemonService.swift */; };
		49FFBAD8202E11B700A7668F /* WildPokemon.swift in Sources */ = {isa = PBXBuildFile; fileRef = 49FFBAD7202E11B700A7668F /* WildPokemon.swift */; };
		49FFBADA202E11C800A7668F /* CapturedPokemon.swift in Sources */ = {isa = PBXBuildFile; fileRef = 49FFBAD9202E11C800A7668F /* CapturedPokemon.swift */; };
		49FFBADD202EAFE700A7668F /* CaughtPokemonViewController.swift in Sources */ = {isa = PBXBuildFile; fileRef = 49FFBADC202EAFE700A7668F /* CaughtPokemonViewController.swift */; };
		49FFBADF202EB00100A7668F /* CaughtPokemonPresenter.swift in Sources */ = {isa = PBXBuildFile; fileRef = 49FFBADE202EB00100A7668F /* CaughtPokemonPresenter.swift */; };
		49FFBAE1202EB0DF00A7668F /* CaughtPokemonCell.swift in Sources */ = {isa = PBXBuildFile; fileRef = 49FFBAE0202EB0DF00A7668F /* CaughtPokemonCell.swift */; };
		49FFBAE3202EB27400A7668F /* LocalPokemonInjection.swift in Sources */ = {isa = PBXBuildFile; fileRef = 49FFBAE2202EB27400A7668F /* LocalPokemonInjection.swift */; };
		AF7ADDB950EC67B06B554122 /* Pods_RxPokedexTests.framework in Frameworks */ = {isa = PBXBuildFile; fileRef = C5221E6B3AC2B3423093DF6D /* Pods_RxPokedexTests.framework */; };
		C0C5BADBF37882A13CE7FB52 /* Pods_RxPokedex.framework in Frameworks */ = {isa = PBXBuildFile; fileRef = 942E999F77E29425798C5268 /* Pods_RxPokedex.framework */; };
/* End PBXBuildFile section */

/* Begin PBXContainerItemProxy section */
		499C32641FA2BEF30071A110 /* PBXContainerItemProxy */ = {
			isa = PBXContainerItemProxy;
			containerPortal = 499C32471FA2BEF30071A110 /* Project object */;
			proxyType = 1;
			remoteGlobalIDString = 499C324E1FA2BEF30071A110;
			remoteInfo = RxPokedex;
		};
		499C326F1FA2BEF30071A110 /* PBXContainerItemProxy */ = {
			isa = PBXContainerItemProxy;
			containerPortal = 499C32471FA2BEF30071A110 /* Project object */;
			proxyType = 1;
			remoteGlobalIDString = 499C324E1FA2BEF30071A110;
			remoteInfo = RxPokedex;
		};
/* End PBXContainerItemProxy section */

/* Begin PBXFileReference section */
		334B65F491911DA2D67F1D2E /* Pods-RxPokedex.debug.xcconfig */ = {isa = PBXFileReference; includeInIndex = 1; lastKnownFileType = text.xcconfig; name = "Pods-RxPokedex.debug.xcconfig"; path = "Pods/Target Support Files/Pods-RxPokedex/Pods-RxPokedex.debug.xcconfig"; sourceTree = "<group>"; };
		490340F62028E7D700F90214 /* IntTests.swift */ = {isa = PBXFileReference; lastKnownFileType = sourcecode.swift; path = IntTests.swift; sourceTree = "<group>"; };
		490AAF83202B54F500BDED68 /* Array.swift */ = {isa = PBXFileReference; lastKnownFileType = sourcecode.swift; path = Array.swift; sourceTree = "<group>"; };
		4917787E2012FBF5009D599D /* JSONPokemonResult.swift */ = {isa = PBXFileReference; lastKnownFileType = sourcecode.swift; path = JSONPokemonResult.swift; sourceTree = "<group>"; };
		491778802012FC65009D599D /* JSONPokemon.swift */ = {isa = PBXFileReference; lastKnownFileType = sourcecode.swift; path = JSONPokemon.swift; sourceTree = "<group>"; };
		491778822012FDBB009D599D /* Parse.swift */ = {isa = PBXFileReference; lastKnownFileType = sourcecode.swift; path = Parse.swift; sourceTree = "<group>"; };
		493312D3202CDA9C00360FF4 /* rollingPokeball.gif */ = {isa = PBXFileReference; lastKnownFileType = image.gif; path = rollingPokeball.gif; sourceTree = "<group>"; };
		493312D5202CE96900360FF4 /* Realm.swift */ = {isa = PBXFileReference; lastKnownFileType = sourcecode.swift; path = Realm.swift; sourceTree = "<group>"; };
		493312D7202CEE3500360FF4 /* PersistenceError.swift */ = {isa = PBXFileReference; lastKnownFileType = sourcecode.swift; path = PersistenceError.swift; sourceTree = "<group>"; };
		494308072032211400D103A0 /* CaughtPokemonSection.swift */ = {isa = PBXFileReference; lastKnownFileType = sourcecode.swift; path = CaughtPokemonSection.swift; sourceTree = "<group>"; };
		4943080C20324E8E00D103A0 /* CaughtPokemonDataSource.swift */ = {isa = PBXFileReference; lastKnownFileType = sourcecode.swift; path = CaughtPokemonDataSource.swift; sourceTree = "<group>"; };
		4943080E2033593800D103A0 /* CaughtPokemonInteractor.swift */ = {isa = PBXFileReference; lastKnownFileType = sourcecode.swift; path = CaughtPokemonInteractor.swift; sourceTree = "<group>"; };
		49430810203487E300D103A0 /* Dictionary.swift */ = {isa = PBXFileReference; lastKnownFileType = sourcecode.swift; path = Dictionary.swift; sourceTree = "<group>"; };
		494308142035D28E00D103A0 /* ArrayTests.swift */ = {isa = PBXFileReference; lastKnownFileType = sourcecode.swift; path = ArrayTests.swift; sourceTree = "<group>"; };
		4943081A20360F1100D103A0 /* CaughtPokemonTableViewDelegate.swift */ = {isa = PBXFileReference; lastKnownFileType = sourcecode.swift; path = CaughtPokemonTableViewDelegate.swift; sourceTree = "<group>"; };
		4943081C20361D1E00D103A0 /* CaughtPokemonRouter.swift */ = {isa = PBXFileReference; lastKnownFileType = sourcecode.swift; path = CaughtPokemonRouter.swift; sourceTree = "<group>"; };
		494FDE742012E3FE00D0B57D /* WildPokemonDataSource.swift */ = {isa = PBXFileReference; lastKnownFileType = sourcecode.swift; path = WildPokemonDataSource.swift; sourceTree = "<group>"; };
		494FDE762012F57200D0B57D /* API.swift */ = {isa = PBXFileReference; lastKnownFileType = sourcecode.swift; path = API.swift; sourceTree = "<group>"; };
		495407F51FA650A000F67BF4 /* UIColor.swift */ = {isa = PBXFileReference; lastKnownFileType = sourcecode.swift; path = UIColor.swift; sourceTree = "<group>"; };
		495407F71FA652BF00F67BF4 /* WildPokemonSection.swift */ = {isa = PBXFileReference; lastKnownFileType = sourcecode.swift; path = WildPokemonSection.swift; sourceTree = "<group>"; };
		495407F91FA76DD100F67BF4 /* WildPokemonInteractor.swift */ = {isa = PBXFileReference; lastKnownFileType = sourcecode.swift; path = WildPokemonInteractor.swift; sourceTree = "<group>"; };
		49982A7F201A799C00808EA5 /* Collection.swift */ = {isa = PBXFileReference; lastKnownFileType = sourcecode.swift; path = Collection.swift; sourceTree = "<group>"; };
		499C324F1FA2BEF30071A110 /* RxPokedex.app */ = {isa = PBXFileReference; explicitFileType = wrapper.application; includeInIndex = 0; path = RxPokedex.app; sourceTree = BUILT_PRODUCTS_DIR; };
		499C32521FA2BEF30071A110 /* AppDelegate.swift */ = {isa = PBXFileReference; lastKnownFileType = sourcecode.swift; path = AppDelegate.swift; sourceTree = "<group>"; };
		499C32541FA2BEF30071A110 /* WildPokemonViewController.swift */ = {isa = PBXFileReference; lastKnownFileType = sourcecode.swift; path = WildPokemonViewController.swift; sourceTree = "<group>"; };
		499C32571FA2BEF30071A110 /* Base */ = {isa = PBXFileReference; lastKnownFileType = file.storyboard; name = Base; path = Base.lproj/Main.storyboard; sourceTree = "<group>"; };
		499C32591FA2BEF30071A110 /* Assets.xcassets */ = {isa = PBXFileReference; lastKnownFileType = folder.assetcatalog; path = Assets.xcassets; sourceTree = "<group>"; };
		499C325C1FA2BEF30071A110 /* Base */ = {isa = PBXFileReference; lastKnownFileType = file.storyboard; name = Base; path = Base.lproj/LaunchScreen.storyboard; sourceTree = "<group>"; };
		499C325E1FA2BEF30071A110 /* Info.plist */ = {isa = PBXFileReference; lastKnownFileType = text.plist.xml; path = Info.plist; sourceTree = "<group>"; };
		499C32631FA2BEF30071A110 /* RxPokedexTests.xctest */ = {isa = PBXFileReference; explicitFileType = wrapper.cfbundle; includeInIndex = 0; path = RxPokedexTests.xctest; sourceTree = BUILT_PRODUCTS_DIR; };
		499C32671FA2BEF30071A110 /* RxPokedexTests.swift */ = {isa = PBXFileReference; lastKnownFileType = sourcecode.swift; path = RxPokedexTests.swift; sourceTree = "<group>"; };
		499C32691FA2BEF30071A110 /* Info.plist */ = {isa = PBXFileReference; lastKnownFileType = text.plist.xml; path = Info.plist; sourceTree = "<group>"; };
		499C326E1FA2BEF30071A110 /* RxPokedexUITests.xctest */ = {isa = PBXFileReference; explicitFileType = wrapper.cfbundle; includeInIndex = 0; path = RxPokedexUITests.xctest; sourceTree = BUILT_PRODUCTS_DIR; };
		499C32721FA2BEF30071A110 /* RxPokedexUITests.swift */ = {isa = PBXFileReference; lastKnownFileType = sourcecode.swift; path = RxPokedexUITests.swift; sourceTree = "<group>"; };
		499C32741FA2BEF40071A110 /* Info.plist */ = {isa = PBXFileReference; lastKnownFileType = text.plist.xml; path = Info.plist; sourceTree = "<group>"; };
		499C32821FA395200071A110 /* WildPokemonCell.swift */ = {isa = PBXFileReference; lastKnownFileType = sourcecode.swift; path = WildPokemonCell.swift; sourceTree = "<group>"; };
		49B8FDE11FA4081E008C283B /* WildPokemonSectionView.swift */ = {isa = PBXFileReference; lastKnownFileType = sourcecode.swift; path = WildPokemonSectionView.swift; sourceTree = "<group>"; };
		49B8FDE41FA418BB008C283B /* Pokemon.swift */ = {isa = PBXFileReference; lastKnownFileType = sourcecode.swift; path = Pokemon.swift; sourceTree = "<group>"; };
		49B8FDE61FA4E6A8008C283B /* WildPokemonPresenter.swift */ = {isa = PBXFileReference; lastKnownFileType = sourcecode.swift; path = WildPokemonPresenter.swift; sourceTree = "<group>"; };
		49B8FDE91FA4F87A008C283B /* RealmPokemon.swift */ = {isa = PBXFileReference; lastKnownFileType = sourcecode.swift; path = RealmPokemon.swift; sourceTree = "<group>"; };
		49B8FDEC1FA4FA2A008C283B /* RemotePokemonManager.swift */ = {isa = PBXFileReference; lastKnownFileType = sourcecode.swift; path = RemotePokemonManager.swift; sourceTree = "<group>"; };
		49B8FDEF1FA4FFE6008C283B /* LoadingViewController.swift */ = {isa = PBXFileReference; lastKnownFileType = sourcecode.swift; path = LoadingViewController.swift; sourceTree = "<group>"; };
		49B8FDF11FA50647008C283B /* InjectionMap.swift */ = {isa = PBXFileReference; lastKnownFileType = sourcecode.swift; path = InjectionMap.swift; sourceTree = "<group>"; };
		49B8FDF41FA5068F008C283B /* RemotePokemonInjection.swift */ = {isa = PBXFileReference; lastKnownFileType = sourcecode.swift; path = RemotePokemonInjection.swift; sourceTree = "<group>"; };
		49B8FDF61FA507B5008C283B /* LoadingViewModel.swift */ = {isa = PBXFileReference; lastKnownFileType = sourcecode.swift; path = LoadingViewModel.swift; sourceTree = "<group>"; };
		49B8FDF81FA523CD008C283B /* JSONPokemonDetail.swift */ = {isa = PBXFileReference; lastKnownFileType = sourcecode.swift; path = JSONPokemonDetail.swift; sourceTree = "<group>"; };
		49DB1139201BAE0B00CEC0CB /* CollectionTests.swift */ = {isa = PBXFileReference; lastKnownFileType = sourcecode.swift; path = CollectionTests.swift; sourceTree = "<group>"; };
		49E9ABC320192CA90038A14D /* UIImage.swift */ = {isa = PBXFileReference; lastKnownFileType = sourcecode.swift; path = UIImage.swift; sourceTree = "<group>"; };
		49E9ABC520192DCC0038A14D /* Int.swift */ = {isa = PBXFileReference; lastKnownFileType = sourcecode.swift; path = Int.swift; sourceTree = "<group>"; };
		49FFBAD5202E085000A7668F /* RealmPokemonService.swift */ = {isa = PBXFileReference; lastKnownFileType = sourcecode.swift; path = RealmPokemonService.swift; sourceTree = "<group>"; };
		49FFBAD7202E11B700A7668F /* WildPokemon.swift */ = {isa = PBXFileReference; lastKnownFileType = sourcecode.swift; path = WildPokemon.swift; sourceTree = "<group>"; };
		49FFBAD9202E11C800A7668F /* CapturedPokemon.swift */ = {isa = PBXFileReference; lastKnownFileType = sourcecode.swift; path = CapturedPokemon.swift; sourceTree = "<group>"; };
		49FFBADC202EAFE700A7668F /* CaughtPokemonViewController.swift */ = {isa = PBXFileReference; lastKnownFileType = sourcecode.swift; path = CaughtPokemonViewController.swift; sourceTree = "<group>"; };
		49FFBADE202EB00100A7668F /* CaughtPokemonPresenter.swift */ = {isa = PBXFileReference; lastKnownFileType = sourcecode.swift; path = CaughtPokemonPresenter.swift; sourceTree = "<group>"; };
		49FFBAE0202EB0DF00A7668F /* CaughtPokemonCell.swift */ = {isa = PBXFileReference; lastKnownFileType = sourcecode.swift; path = CaughtPokemonCell.swift; sourceTree = "<group>"; };
		49FFBAE2202EB27400A7668F /* LocalPokemonInjection.swift */ = {isa = PBXFileReference; lastKnownFileType = sourcecode.swift; path = LocalPokemonInjection.swift; sourceTree = "<group>"; };
		942E999F77E29425798C5268 /* Pods_RxPokedex.framework */ = {isa = PBXFileReference; explicitFileType = wrapper.framework; includeInIndex = 0; path = Pods_RxPokedex.framework; sourceTree = BUILT_PRODUCTS_DIR; };
		A73193B3EA697A91A4C52A53 /* Pods-RxPokedexUITests.debug.xcconfig */ = {isa = PBXFileReference; includeInIndex = 1; lastKnownFileType = text.xcconfig; name = "Pods-RxPokedexUITests.debug.xcconfig"; path = "Pods/Target Support Files/Pods-RxPokedexUITests/Pods-RxPokedexUITests.debug.xcconfig"; sourceTree = "<group>"; };
		C4AF55C77930583F22323800 /* Pods-RxPokedexUITests.release.xcconfig */ = {isa = PBXFileReference; includeInIndex = 1; lastKnownFileType = text.xcconfig; name = "Pods-RxPokedexUITests.release.xcconfig"; path = "Pods/Target Support Files/Pods-RxPokedexUITests/Pods-RxPokedexUITests.release.xcconfig"; sourceTree = "<group>"; };
		C5221E6B3AC2B3423093DF6D /* Pods_RxPokedexTests.framework */ = {isa = PBXFileReference; explicitFileType = wrapper.framework; includeInIndex = 0; path = Pods_RxPokedexTests.framework; sourceTree = BUILT_PRODUCTS_DIR; };
		D578E42A49C4285A1E54D02F /* Pods-RxPokedexTests.release.xcconfig */ = {isa = PBXFileReference; includeInIndex = 1; lastKnownFileType = text.xcconfig; name = "Pods-RxPokedexTests.release.xcconfig"; path = "Pods/Target Support Files/Pods-RxPokedexTests/Pods-RxPokedexTests.release.xcconfig"; sourceTree = "<group>"; };
		E0075F47ED3DC97C87772879 /* Pods_RxPokedexUITests.framework */ = {isa = PBXFileReference; explicitFileType = wrapper.framework; includeInIndex = 0; path = Pods_RxPokedexUITests.framework; sourceTree = BUILT_PRODUCTS_DIR; };
		F3749E0C081F64AEEFF81BFA /* Pods-RxPokedexTests.debug.xcconfig */ = {isa = PBXFileReference; includeInIndex = 1; lastKnownFileType = text.xcconfig; name = "Pods-RxPokedexTests.debug.xcconfig"; path = "Pods/Target Support Files/Pods-RxPokedexTests/Pods-RxPokedexTests.debug.xcconfig"; sourceTree = "<group>"; };
		FAA6001888BA151DB67CB442 /* Pods-RxPokedex.release.xcconfig */ = {isa = PBXFileReference; includeInIndex = 1; lastKnownFileType = text.xcconfig; name = "Pods-RxPokedex.release.xcconfig"; path = "Pods/Target Support Files/Pods-RxPokedex/Pods-RxPokedex.release.xcconfig"; sourceTree = "<group>"; };
/* End PBXFileReference section */

/* Begin PBXFrameworksBuildPhase section */
		499C324C1FA2BEF30071A110 /* Frameworks */ = {
			isa = PBXFrameworksBuildPhase;
			buildActionMask = 2147483647;
			files = (
				C0C5BADBF37882A13CE7FB52 /* Pods_RxPokedex.framework in Frameworks */,
			);
			runOnlyForDeploymentPostprocessing = 0;
		};
		499C32601FA2BEF30071A110 /* Frameworks */ = {
			isa = PBXFrameworksBuildPhase;
			buildActionMask = 2147483647;
			files = (
				AF7ADDB950EC67B06B554122 /* Pods_RxPokedexTests.framework in Frameworks */,
			);
			runOnlyForDeploymentPostprocessing = 0;
		};
		499C326B1FA2BEF30071A110 /* Frameworks */ = {
			isa = PBXFrameworksBuildPhase;
			buildActionMask = 2147483647;
			files = (
				3B860CE2B3095EA49462DCC1 /* Pods_RxPokedexUITests.framework in Frameworks */,
			);
			runOnlyForDeploymentPostprocessing = 0;
		};
/* End PBXFrameworksBuildPhase section */

/* Begin PBXGroup section */
		4917787D2012FBE4009D599D /* Json Objects */ = {
			isa = PBXGroup;
			children = (
				4917787E2012FBF5009D599D /* JSONPokemonResult.swift */,
				491778802012FC65009D599D /* JSONPokemon.swift */,
				49B8FDF81FA523CD008C283B /* JSONPokemonDetail.swift */,
			);
			path = "Json Objects";
			sourceTree = "<group>";
		};
		494308092032211E00D103A0 /* Pokemon */ = {
			isa = PBXGroup;
			children = (
				49B8FDE41FA418BB008C283B /* Pokemon.swift */,
				49FFBAD7202E11B700A7668F /* WildPokemon.swift */,
				49FFBAD9202E11C800A7668F /* CapturedPokemon.swift */,
			);
			path = Pokemon;
			sourceTree = "<group>";
		};
		4943080A2032212B00D103A0 /* Sections */ = {
			isa = PBXGroup;
			children = (
				495407F71FA652BF00F67BF4 /* WildPokemonSection.swift */,
				494308072032211400D103A0 /* CaughtPokemonSection.swift */,
			);
			path = Sections;
			sourceTree = "<group>";
		};
		4943080B20324D3500D103A0 /* Caught Pokemon */ = {
			isa = PBXGroup;
			children = (
				49FFBADC202EAFE700A7668F /* CaughtPokemonViewController.swift */,
				49FFBADE202EB00100A7668F /* CaughtPokemonPresenter.swift */,
				4943080C20324E8E00D103A0 /* CaughtPokemonDataSource.swift */,
				4943080E2033593800D103A0 /* CaughtPokemonInteractor.swift */,
				4943081A20360F1100D103A0 /* CaughtPokemonTableViewDelegate.swift */,
				4943081C20361D1E00D103A0 /* CaughtPokemonRouter.swift */,
			);
			path = "Caught Pokemon";
			sourceTree = "<group>";
		};
		494FDE732012E3C900D0B57D /* Views */ = {
			isa = PBXGroup;
			children = (
				49B8FDE11FA4081E008C283B /* WildPokemonSectionView.swift */,
				499C32821FA395200071A110 /* WildPokemonCell.swift */,
				49FFBAE0202EB0DF00A7668F /* CaughtPokemonCell.swift */,
			);
			path = Views;
			sourceTree = "<group>";
		};
		495407F41FA6509100F67BF4 /* Extensions */ = {
			isa = PBXGroup;
			children = (
				490AAF83202B54F500BDED68 /* Array.swift */,
				49982A7F201A799C00808EA5 /* Collection.swift */,
				49430810203487E300D103A0 /* Dictionary.swift */,
				49E9ABC520192DCC0038A14D /* Int.swift */,
				493312D5202CE96900360FF4 /* Realm.swift */,
				495407F51FA650A000F67BF4 /* UIColor.swift */,
				49E9ABC320192CA90038A14D /* UIImage.swift */,
			);
			path = Extensions;
			sourceTree = "<group>";
		};
		499C32461FA2BEF30071A110 = {
			isa = PBXGroup;
			children = (
				499C32511FA2BEF30071A110 /* RxPokedex */,
				499C32661FA2BEF30071A110 /* RxPokedexTests */,
				499C32711FA2BEF30071A110 /* RxPokedexUITests */,
				499C32501FA2BEF30071A110 /* Products */,
				E22E6ED184F509DCD8A93734 /* Pods */,
				9CE83215855DC7AAB7DF691E /* Frameworks */,
			);
			sourceTree = "<group>";
		};
		499C32501FA2BEF30071A110 /* Products */ = {
			isa = PBXGroup;
			children = (
				499C324F1FA2BEF30071A110 /* RxPokedex.app */,
				499C32631FA2BEF30071A110 /* RxPokedexTests.xctest */,
				499C326E1FA2BEF30071A110 /* RxPokedexUITests.xctest */,
			);
			name = Products;
			sourceTree = "<group>";
		};
		499C32511FA2BEF30071A110 /* RxPokedex */ = {
			isa = PBXGroup;
			children = (
				494FDE732012E3C900D0B57D /* Views */,
				49B8FDF31FA5066F008C283B /* Injection */,
				495407F41FA6509100F67BF4 /* Extensions */,
				49B8FDEB1FA4FA19008C283B /* Remote Service */,
				49B8FDE81FA4F868008C283B /* Persistence */,
				49B8FDE31FA418AB008C283B /* Entities */,
				49B8FDDF1FA407C3008C283B /* Scenes */,
				49FFBADB202E51DA00A7668F /* Resources */,
				499C32521FA2BEF30071A110 /* AppDelegate.swift */,
				499C32561FA2BEF30071A110 /* Main.storyboard */,
				499C32591FA2BEF30071A110 /* Assets.xcassets */,
				499C325B1FA2BEF30071A110 /* LaunchScreen.storyboard */,
				499C325E1FA2BEF30071A110 /* Info.plist */,
			);
			path = RxPokedex;
			sourceTree = "<group>";
		};
		499C32661FA2BEF30071A110 /* RxPokedexTests */ = {
			isa = PBXGroup;
			children = (
				49DB1136201BADCF00CEC0CB /* Extension Tests */,
				499C32671FA2BEF30071A110 /* RxPokedexTests.swift */,
				499C32691FA2BEF30071A110 /* Info.plist */,
			);
			path = RxPokedexTests;
			sourceTree = "<group>";
		};
		499C32711FA2BEF30071A110 /* RxPokedexUITests */ = {
			isa = PBXGroup;
			children = (
				499C32721FA2BEF30071A110 /* RxPokedexUITests.swift */,
				499C32741FA2BEF40071A110 /* Info.plist */,
			);
			path = RxPokedexUITests;
			sourceTree = "<group>";
		};
		49B8FDDF1FA407C3008C283B /* Scenes */ = {
			isa = PBXGroup;
			children = (
				49B8FDEE1FA4FFCF008C283B /* Loading */,
				49B8FDE01FA407CD008C283B /* Wild Pokemon */,
				4943080B20324D3500D103A0 /* Caught Pokemon */,
			);
			path = Scenes;
			sourceTree = "<group>";
		};
		49B8FDE01FA407CD008C283B /* Wild Pokemon */ = {
			isa = PBXGroup;
			children = (
				499C32541FA2BEF30071A110 /* WildPokemonViewController.swift */,
				49B8FDE61FA4E6A8008C283B /* WildPokemonPresenter.swift */,
				495407F91FA76DD100F67BF4 /* WildPokemonInteractor.swift */,
				494FDE742012E3FE00D0B57D /* WildPokemonDataSource.swift */,
			);
			path = "Wild Pokemon";
			sourceTree = "<group>";
		};
		49B8FDE31FA418AB008C283B /* Entities */ = {
			isa = PBXGroup;
			children = (
				4943080A2032212B00D103A0 /* Sections */,
				494308092032211E00D103A0 /* Pokemon */,
			);
			path = Entities;
			sourceTree = "<group>";
		};
		49B8FDE81FA4F868008C283B /* Persistence */ = {
			isa = PBXGroup;
			children = (
				49B8FDE91FA4F87A008C283B /* RealmPokemon.swift */,
				493312D7202CEE3500360FF4 /* PersistenceError.swift */,
				49FFBAD5202E085000A7668F /* RealmPokemonService.swift */,
			);
			path = Persistence;
			sourceTree = "<group>";
		};
		49B8FDEB1FA4FA19008C283B /* Remote Service */ = {
			isa = PBXGroup;
			children = (
				49E9ABC7201933260038A14D /* Utility */,
				4917787D2012FBE4009D599D /* Json Objects */,
				49B8FDEC1FA4FA2A008C283B /* RemotePokemonManager.swift */,
			);
			path = "Remote Service";
			sourceTree = "<group>";
		};
		49B8FDEE1FA4FFCF008C283B /* Loading */ = {
			isa = PBXGroup;
			children = (
				49B8FDEF1FA4FFE6008C283B /* LoadingViewController.swift */,
				49B8FDF61FA507B5008C283B /* LoadingViewModel.swift */,
			);
			path = Loading;
			sourceTree = "<group>";
		};
		49B8FDF31FA5066F008C283B /* Injection */ = {
			isa = PBXGroup;
			children = (
				49B8FDF11FA50647008C283B /* InjectionMap.swift */,
				49B8FDF41FA5068F008C283B /* RemotePokemonInjection.swift */,
				49FFBAE2202EB27400A7668F /* LocalPokemonInjection.swift */,
			);
			path = Injection;
			sourceTree = "<group>";
		};
		49DB1136201BADCF00CEC0CB /* Extension Tests */ = {
			isa = PBXGroup;
			children = (
				494308142035D28E00D103A0 /* ArrayTests.swift */,
				49DB1139201BAE0B00CEC0CB /* CollectionTests.swift */,
				490340F62028E7D700F90214 /* IntTests.swift */,
			);
			path = "Extension Tests";
			sourceTree = "<group>";
		};
		49E9ABC7201933260038A14D /* Utility */ = {
			isa = PBXGroup;
			children = (
				494FDE762012F57200D0B57D /* API.swift */,
				491778822012FDBB009D599D /* Parse.swift */,
			);
			path = Utility;
			sourceTree = "<group>";
		};
		49FFBADB202E51DA00A7668F /* Resources */ = {
			isa = PBXGroup;
			children = (
				493312D3202CDA9C00360FF4 /* rollingPokeball.gif */,
			);
			path = Resources;
			sourceTree = "<group>";
		};
		9CE83215855DC7AAB7DF691E /* Frameworks */ = {
			isa = PBXGroup;
			children = (
				942E999F77E29425798C5268 /* Pods_RxPokedex.framework */,
				C5221E6B3AC2B3423093DF6D /* Pods_RxPokedexTests.framework */,
				E0075F47ED3DC97C87772879 /* Pods_RxPokedexUITests.framework */,
			);
			name = Frameworks;
			sourceTree = "<group>";
		};
		E22E6ED184F509DCD8A93734 /* Pods */ = {
			isa = PBXGroup;
			children = (
				334B65F491911DA2D67F1D2E /* Pods-RxPokedex.debug.xcconfig */,
				FAA6001888BA151DB67CB442 /* Pods-RxPokedex.release.xcconfig */,
				F3749E0C081F64AEEFF81BFA /* Pods-RxPokedexTests.debug.xcconfig */,
				D578E42A49C4285A1E54D02F /* Pods-RxPokedexTests.release.xcconfig */,
				A73193B3EA697A91A4C52A53 /* Pods-RxPokedexUITests.debug.xcconfig */,
				C4AF55C77930583F22323800 /* Pods-RxPokedexUITests.release.xcconfig */,
			);
			name = Pods;
			sourceTree = "<group>";
		};
/* End PBXGroup section */

/* Begin PBXNativeTarget section */
		499C324E1FA2BEF30071A110 /* RxPokedex */ = {
			isa = PBXNativeTarget;
			buildConfigurationList = 499C32771FA2BEF40071A110 /* Build configuration list for PBXNativeTarget "RxPokedex" */;
			buildPhases = (
				E065DE7C3DAEAEF073962717 /* [CP] Check Pods Manifest.lock */,
				499C324B1FA2BEF30071A110 /* Sources */,
				499C324C1FA2BEF30071A110 /* Frameworks */,
				499C324D1FA2BEF30071A110 /* Resources */,
				CC2CBFDCB611CCC3C976A370 /* [CP] Embed Pods Frameworks */,
				794B29916069648A880289CE /* [CP] Copy Pods Resources */,
			);
			buildRules = (
			);
			dependencies = (
			);
			name = RxPokedex;
			productName = RxPokedex;
			productReference = 499C324F1FA2BEF30071A110 /* RxPokedex.app */;
			productType = "com.apple.product-type.application";
		};
		499C32621FA2BEF30071A110 /* RxPokedexTests */ = {
			isa = PBXNativeTarget;
			buildConfigurationList = 499C327A1FA2BEF40071A110 /* Build configuration list for PBXNativeTarget "RxPokedexTests" */;
			buildPhases = (
				28A024627897F6FCF1471FC8 /* [CP] Check Pods Manifest.lock */,
				499C325F1FA2BEF30071A110 /* Sources */,
				499C32601FA2BEF30071A110 /* Frameworks */,
				499C32611FA2BEF30071A110 /* Resources */,
				DA7F9D205C05CC6CB05CD317 /* [CP] Embed Pods Frameworks */,
				7000EB7F8752093BAED87E29 /* [CP] Copy Pods Resources */,
			);
			buildRules = (
			);
			dependencies = (
				499C32651FA2BEF30071A110 /* PBXTargetDependency */,
			);
			name = RxPokedexTests;
			productName = RxPokedexTests;
			productReference = 499C32631FA2BEF30071A110 /* RxPokedexTests.xctest */;
			productType = "com.apple.product-type.bundle.unit-test";
		};
		499C326D1FA2BEF30071A110 /* RxPokedexUITests */ = {
			isa = PBXNativeTarget;
			buildConfigurationList = 499C327D1FA2BEF40071A110 /* Build configuration list for PBXNativeTarget "RxPokedexUITests" */;
			buildPhases = (
				C54994F79EC34FB992B0EC52 /* [CP] Check Pods Manifest.lock */,
				499C326A1FA2BEF30071A110 /* Sources */,
				499C326B1FA2BEF30071A110 /* Frameworks */,
				499C326C1FA2BEF30071A110 /* Resources */,
				70956C4AF61A3D5B0ABB0908 /* [CP] Embed Pods Frameworks */,
				EB6530DD2CDAC67FB8F63C7A /* [CP] Copy Pods Resources */,
			);
			buildRules = (
			);
			dependencies = (
				499C32701FA2BEF30071A110 /* PBXTargetDependency */,
			);
			name = RxPokedexUITests;
			productName = RxPokedexUITests;
			productReference = 499C326E1FA2BEF30071A110 /* RxPokedexUITests.xctest */;
			productType = "com.apple.product-type.bundle.ui-testing";
		};
/* End PBXNativeTarget section */

/* Begin PBXProject section */
		499C32471FA2BEF30071A110 /* Project object */ = {
			isa = PBXProject;
			attributes = {
				LastSwiftUpdateCheck = 0900;
				LastUpgradeCheck = 0900;
				ORGANIZATIONNAME = carlos.brenneisen;
				TargetAttributes = {
					499C324E1FA2BEF30071A110 = {
						CreatedOnToolsVersion = 9.0.1;
						ProvisioningStyle = Automatic;
					};
					499C32621FA2BEF30071A110 = {
						CreatedOnToolsVersion = 9.0.1;
						ProvisioningStyle = Automatic;
						TestTargetID = 499C324E1FA2BEF30071A110;
					};
					499C326D1FA2BEF30071A110 = {
						CreatedOnToolsVersion = 9.0.1;
						ProvisioningStyle = Automatic;
						TestTargetID = 499C324E1FA2BEF30071A110;
					};
				};
			};
			buildConfigurationList = 499C324A1FA2BEF30071A110 /* Build configuration list for PBXProject "RxPokedex" */;
			compatibilityVersion = "Xcode 8.0";
			developmentRegion = en;
			hasScannedForEncodings = 0;
			knownRegions = (
				en,
				Base,
			);
			mainGroup = 499C32461FA2BEF30071A110;
			productRefGroup = 499C32501FA2BEF30071A110 /* Products */;
			projectDirPath = "";
			projectRoot = "";
			targets = (
				499C324E1FA2BEF30071A110 /* RxPokedex */,
				499C32621FA2BEF30071A110 /* RxPokedexTests */,
				499C326D1FA2BEF30071A110 /* RxPokedexUITests */,
			);
		};
/* End PBXProject section */

/* Begin PBXResourcesBuildPhase section */
		499C324D1FA2BEF30071A110 /* Resources */ = {
			isa = PBXResourcesBuildPhase;
			buildActionMask = 2147483647;
			files = (
				493312D4202CDA9C00360FF4 /* rollingPokeball.gif in Resources */,
				499C325D1FA2BEF30071A110 /* LaunchScreen.storyboard in Resources */,
				499C325A1FA2BEF30071A110 /* Assets.xcassets in Resources */,
				499C32581FA2BEF30071A110 /* Main.storyboard in Resources */,
			);
			runOnlyForDeploymentPostprocessing = 0;
		};
		499C32611FA2BEF30071A110 /* Resources */ = {
			isa = PBXResourcesBuildPhase;
			buildActionMask = 2147483647;
			files = (
			);
			runOnlyForDeploymentPostprocessing = 0;
		};
		499C326C1FA2BEF30071A110 /* Resources */ = {
			isa = PBXResourcesBuildPhase;
			buildActionMask = 2147483647;
			files = (
			);
			runOnlyForDeploymentPostprocessing = 0;
		};
/* End PBXResourcesBuildPhase section */

/* Begin PBXShellScriptBuildPhase section */
		28A024627897F6FCF1471FC8 /* [CP] Check Pods Manifest.lock */ = {
			isa = PBXShellScriptBuildPhase;
			buildActionMask = 2147483647;
			files = (
			);
			inputPaths = (
				"${PODS_PODFILE_DIR_PATH}/Podfile.lock",
				"${PODS_ROOT}/Manifest.lock",
			);
			name = "[CP] Check Pods Manifest.lock";
			outputPaths = (
				"$(DERIVED_FILE_DIR)/Pods-RxPokedexTests-checkManifestLockResult.txt",
			);
			runOnlyForDeploymentPostprocessing = 0;
			shellPath = /bin/sh;
			shellScript = "diff \"${PODS_PODFILE_DIR_PATH}/Podfile.lock\" \"${PODS_ROOT}/Manifest.lock\" > /dev/null\nif [ $? != 0 ] ; then\n    # print error to STDERR\n    echo \"error: The sandbox is not in sync with the Podfile.lock. Run 'pod install' or update your CocoaPods installation.\" >&2\n    exit 1\nfi\n# This output is used by Xcode 'outputs' to avoid re-running this script phase.\necho \"SUCCESS\" > \"${SCRIPT_OUTPUT_FILE_0}\"\n";
			showEnvVarsInLog = 0;
		};
		7000EB7F8752093BAED87E29 /* [CP] Copy Pods Resources */ = {
			isa = PBXShellScriptBuildPhase;
			buildActionMask = 2147483647;
			files = (
			);
			inputPaths = (
			);
			name = "[CP] Copy Pods Resources";
			outputPaths = (
			);
			runOnlyForDeploymentPostprocessing = 0;
			shellPath = /bin/sh;
			shellScript = "\"${SRCROOT}/Pods/Target Support Files/Pods-RxPokedexTests/Pods-RxPokedexTests-resources.sh\"\n";
			showEnvVarsInLog = 0;
		};
		70956C4AF61A3D5B0ABB0908 /* [CP] Embed Pods Frameworks */ = {
			isa = PBXShellScriptBuildPhase;
			buildActionMask = 2147483647;
			files = (
			);
			inputPaths = (
			);
			name = "[CP] Embed Pods Frameworks";
			outputPaths = (
			);
			runOnlyForDeploymentPostprocessing = 0;
			shellPath = /bin/sh;
			shellScript = "\"${SRCROOT}/Pods/Target Support Files/Pods-RxPokedexUITests/Pods-RxPokedexUITests-frameworks.sh\"\n";
			showEnvVarsInLog = 0;
		};
		794B29916069648A880289CE /* [CP] Copy Pods Resources */ = {
			isa = PBXShellScriptBuildPhase;
			buildActionMask = 2147483647;
			files = (
			);
			inputPaths = (
			);
			name = "[CP] Copy Pods Resources";
			outputPaths = (
			);
			runOnlyForDeploymentPostprocessing = 0;
			shellPath = /bin/sh;
			shellScript = "\"${SRCROOT}/Pods/Target Support Files/Pods-RxPokedex/Pods-RxPokedex-resources.sh\"\n";
			showEnvVarsInLog = 0;
		};
		C54994F79EC34FB992B0EC52 /* [CP] Check Pods Manifest.lock */ = {
			isa = PBXShellScriptBuildPhase;
			buildActionMask = 2147483647;
			files = (
			);
			inputPaths = (
				"${PODS_PODFILE_DIR_PATH}/Podfile.lock",
				"${PODS_ROOT}/Manifest.lock",
			);
			name = "[CP] Check Pods Manifest.lock";
			outputPaths = (
				"$(DERIVED_FILE_DIR)/Pods-RxPokedexUITests-checkManifestLockResult.txt",
			);
			runOnlyForDeploymentPostprocessing = 0;
			shellPath = /bin/sh;
			shellScript = "diff \"${PODS_PODFILE_DIR_PATH}/Podfile.lock\" \"${PODS_ROOT}/Manifest.lock\" > /dev/null\nif [ $? != 0 ] ; then\n    # print error to STDERR\n    echo \"error: The sandbox is not in sync with the Podfile.lock. Run 'pod install' or update your CocoaPods installation.\" >&2\n    exit 1\nfi\n# This output is used by Xcode 'outputs' to avoid re-running this script phase.\necho \"SUCCESS\" > \"${SCRIPT_OUTPUT_FILE_0}\"\n";
			showEnvVarsInLog = 0;
		};
		CC2CBFDCB611CCC3C976A370 /* [CP] Embed Pods Frameworks */ = {
			isa = PBXShellScriptBuildPhase;
			buildActionMask = 2147483647;
			files = (
			);
			inputPaths = (
				"${SRCROOT}/Pods/Target Support Files/Pods-RxPokedex/Pods-RxPokedex-frameworks.sh",
				"${BUILT_PRODUCTS_DIR}/Alamofire/Alamofire.framework",
				"${BUILT_PRODUCTS_DIR}/Differentiator/Differentiator.framework",
				"${BUILT_PRODUCTS_DIR}/Kingfisher/Kingfisher.framework",
				"${BUILT_PRODUCTS_DIR}/RandomKit/RandomKit.framework",
				"${BUILT_PRODUCTS_DIR}/Realm/Realm.framework",
				"${BUILT_PRODUCTS_DIR}/RealmSwift/RealmSwift.framework",
				"${BUILT_PRODUCTS_DIR}/RxAlamofire/RxAlamofire.framework",
				"${BUILT_PRODUCTS_DIR}/RxCocoa/RxCocoa.framework",
				"${BUILT_PRODUCTS_DIR}/RxDataSources/RxDataSources.framework",
				"${BUILT_PRODUCTS_DIR}/RxGesture/RxGesture.framework",
				"${BUILT_PRODUCTS_DIR}/RxRealm/RxRealm.framework",
				"${BUILT_PRODUCTS_DIR}/RxSwift/RxSwift.framework",
				"${BUILT_PRODUCTS_DIR}/RxSwiftExt/RxSwiftExt.framework",
				"${BUILT_PRODUCTS_DIR}/ShiftOperations/ShiftOperations.framework",
				"${BUILT_PRODUCTS_DIR}/Threadly/Threadly.framework",
			);
			name = "[CP] Embed Pods Frameworks";
			outputPaths = (
				"${TARGET_BUILD_DIR}/${FRAMEWORKS_FOLDER_PATH}/Alamofire.framework",
				"${TARGET_BUILD_DIR}/${FRAMEWORKS_FOLDER_PATH}/Differentiator.framework",
				"${TARGET_BUILD_DIR}/${FRAMEWORKS_FOLDER_PATH}/Kingfisher.framework",
				"${TARGET_BUILD_DIR}/${FRAMEWORKS_FOLDER_PATH}/RandomKit.framework",
				"${TARGET_BUILD_DIR}/${FRAMEWORKS_FOLDER_PATH}/Realm.framework",
				"${TARGET_BUILD_DIR}/${FRAMEWORKS_FOLDER_PATH}/RealmSwift.framework",
				"${TARGET_BUILD_DIR}/${FRAMEWORKS_FOLDER_PATH}/RxAlamofire.framework",
				"${TARGET_BUILD_DIR}/${FRAMEWORKS_FOLDER_PATH}/RxCocoa.framework",
				"${TARGET_BUILD_DIR}/${FRAMEWORKS_FOLDER_PATH}/RxDataSources.framework",
				"${TARGET_BUILD_DIR}/${FRAMEWORKS_FOLDER_PATH}/RxGesture.framework",
				"${TARGET_BUILD_DIR}/${FRAMEWORKS_FOLDER_PATH}/RxRealm.framework",
				"${TARGET_BUILD_DIR}/${FRAMEWORKS_FOLDER_PATH}/RxSwift.framework",
				"${TARGET_BUILD_DIR}/${FRAMEWORKS_FOLDER_PATH}/RxSwiftExt.framework",
				"${TARGET_BUILD_DIR}/${FRAMEWORKS_FOLDER_PATH}/ShiftOperations.framework",
				"${TARGET_BUILD_DIR}/${FRAMEWORKS_FOLDER_PATH}/Threadly.framework",
			);
			runOnlyForDeploymentPostprocessing = 0;
			shellPath = /bin/sh;
			shellScript = "\"${SRCROOT}/Pods/Target Support Files/Pods-RxPokedex/Pods-RxPokedex-frameworks.sh\"\n";
			showEnvVarsInLog = 0;
		};
		DA7F9D205C05CC6CB05CD317 /* [CP] Embed Pods Frameworks */ = {
			isa = PBXShellScriptBuildPhase;
			buildActionMask = 2147483647;
			files = (
			);
			inputPaths = (
			);
			name = "[CP] Embed Pods Frameworks";
			outputPaths = (
			);
			runOnlyForDeploymentPostprocessing = 0;
			shellPath = /bin/sh;
			shellScript = "\"${SRCROOT}/Pods/Target Support Files/Pods-RxPokedexTests/Pods-RxPokedexTests-frameworks.sh\"\n";
			showEnvVarsInLog = 0;
		};
		E065DE7C3DAEAEF073962717 /* [CP] Check Pods Manifest.lock */ = {
			isa = PBXShellScriptBuildPhase;
			buildActionMask = 2147483647;
			files = (
			);
			inputPaths = (
				"${PODS_PODFILE_DIR_PATH}/Podfile.lock",
				"${PODS_ROOT}/Manifest.lock",
			);
			name = "[CP] Check Pods Manifest.lock";
			outputPaths = (
				"$(DERIVED_FILE_DIR)/Pods-RxPokedex-checkManifestLockResult.txt",
			);
			runOnlyForDeploymentPostprocessing = 0;
			shellPath = /bin/sh;
			shellScript = "diff \"${PODS_PODFILE_DIR_PATH}/Podfile.lock\" \"${PODS_ROOT}/Manifest.lock\" > /dev/null\nif [ $? != 0 ] ; then\n    # print error to STDERR\n    echo \"error: The sandbox is not in sync with the Podfile.lock. Run 'pod install' or update your CocoaPods installation.\" >&2\n    exit 1\nfi\n# This output is used by Xcode 'outputs' to avoid re-running this script phase.\necho \"SUCCESS\" > \"${SCRIPT_OUTPUT_FILE_0}\"\n";
			showEnvVarsInLog = 0;
		};
		EB6530DD2CDAC67FB8F63C7A /* [CP] Copy Pods Resources */ = {
			isa = PBXShellScriptBuildPhase;
			buildActionMask = 2147483647;
			files = (
			);
			inputPaths = (
			);
			name = "[CP] Copy Pods Resources";
			outputPaths = (
			);
			runOnlyForDeploymentPostprocessing = 0;
			shellPath = /bin/sh;
			shellScript = "\"${SRCROOT}/Pods/Target Support Files/Pods-RxPokedexUITests/Pods-RxPokedexUITests-resources.sh\"\n";
			showEnvVarsInLog = 0;
		};
/* End PBXShellScriptBuildPhase section */

/* Begin PBXSourcesBuildPhase section */
		499C324B1FA2BEF30071A110 /* Sources */ = {
			isa = PBXSourcesBuildPhase;
			buildActionMask = 2147483647;
			files = (
				494308082032211400D103A0 /* CaughtPokemonSection.swift in Sources */,
				495407F81FA652BF00F67BF4 /* WildPokemonSection.swift in Sources */,
				4943081D20361D1E00D103A0 /* CaughtPokemonRouter.swift in Sources */,
				49FFBADA202E11C800A7668F /* CapturedPokemon.swift in Sources */,
				491778832012FDBB009D599D /* Parse.swift in Sources */,
				4943080D20324E8E00D103A0 /* CaughtPokemonDataSource.swift in Sources */,
				4943081B20360F1100D103A0 /* CaughtPokemonTableViewDelegate.swift in Sources */,
				49B8FDF91FA523CD008C283B /* JSONPokemonDetail.swift in Sources */,
				49B8FDE51FA418BB008C283B /* Pokemon.swift in Sources */,
				4917787F2012FBF5009D599D /* JSONPokemonResult.swift in Sources */,
				499C32551FA2BEF30071A110 /* WildPokemonViewController.swift in Sources */,
				49B8FDF71FA507B5008C283B /* LoadingViewModel.swift in Sources */,
				494FDE752012E3FE00D0B57D /* WildPokemonDataSource.swift in Sources */,
				490AAF84202B54F500BDED68 /* Array.swift in Sources */,
				493312D6202CE96900360FF4 /* Realm.swift in Sources */,
				49982A80201A799C00808EA5 /* Collection.swift in Sources */,
				49E9ABC420192CA90038A14D /* UIImage.swift in Sources */,
				495407F61FA650A000F67BF4 /* UIColor.swift in Sources */,
				499C32531FA2BEF30071A110 /* AppDelegate.swift in Sources */,
				4943080F2033593900D103A0 /* CaughtPokemonInteractor.swift in Sources */,
				49B8FDEA1FA4F87A008C283B /* RealmPokemon.swift in Sources */,
				491778812012FC65009D599D /* JSONPokemon.swift in Sources */,
				49B8FDED1FA4FA2A008C283B /* RemotePokemonManager.swift in Sources */,
				49430811203487E300D103A0 /* Dictionary.swift in Sources */,
				49B8FDE71FA4E6A8008C283B /* WildPokemonPresenter.swift in Sources */,
				49B8FDF01FA4FFE6008C283B /* LoadingViewController.swift in Sources */,
				494FDE772012F57200D0B57D /* API.swift in Sources */,
				49FFBAD8202E11B700A7668F /* WildPokemon.swift in Sources */,
				499C32831FA395200071A110 /* WildPokemonCell.swift in Sources */,
				49B8FDF21FA50647008C283B /* InjectionMap.swift in Sources */,
				49FFBADF202EB00100A7668F /* CaughtPokemonPresenter.swift in Sources */,
				49B8FDF51FA5068F008C283B /* RemotePokemonInjection.swift in Sources */,
				49FFBAE1202EB0DF00A7668F /* CaughtPokemonCell.swift in Sources */,
				49FFBAE3202EB27400A7668F /* LocalPokemonInjection.swift in Sources */,
				49E9ABC620192DCC0038A14D /* Int.swift in Sources */,
				495407FA1FA76DD100F67BF4 /* WildPokemonInteractor.swift in Sources */,
				49FFBAD6202E085000A7668F /* RealmPokemonService.swift in Sources */,
				493312D8202CEE3500360FF4 /* PersistenceError.swift in Sources */,
				49B8FDE21FA4081E008C283B /* WildPokemonSectionView.swift in Sources */,
				49FFBADD202EAFE700A7668F /* CaughtPokemonViewController.swift in Sources */,
			);
			runOnlyForDeploymentPostprocessing = 0;
		};
		499C325F1FA2BEF30071A110 /* Sources */ = {
			isa = PBXSourcesBuildPhase;
			buildActionMask = 2147483647;
			files = (
				490340F72028E7D700F90214 /* IntTests.swift in Sources */,
				494308152035D28E00D103A0 /* ArrayTests.swift in Sources */,
				499C32681FA2BEF30071A110 /* RxPokedexTests.swift in Sources */,
				49DB113A201BAE0B00CEC0CB /* CollectionTests.swift in Sources */,
			);
			runOnlyForDeploymentPostprocessing = 0;
		};
		499C326A1FA2BEF30071A110 /* Sources */ = {
			isa = PBXSourcesBuildPhase;
			buildActionMask = 2147483647;
			files = (
				499C32731FA2BEF30071A110 /* RxPokedexUITests.swift in Sources */,
			);
			runOnlyForDeploymentPostprocessing = 0;
		};
/* End PBXSourcesBuildPhase section */

/* Begin PBXTargetDependency section */
		499C32651FA2BEF30071A110 /* PBXTargetDependency */ = {
			isa = PBXTargetDependency;
			target = 499C324E1FA2BEF30071A110 /* RxPokedex */;
			targetProxy = 499C32641FA2BEF30071A110 /* PBXContainerItemProxy */;
		};
		499C32701FA2BEF30071A110 /* PBXTargetDependency */ = {
			isa = PBXTargetDependency;
			target = 499C324E1FA2BEF30071A110 /* RxPokedex */;
			targetProxy = 499C326F1FA2BEF30071A110 /* PBXContainerItemProxy */;
		};
/* End PBXTargetDependency section */

/* Begin PBXVariantGroup section */
		499C32561FA2BEF30071A110 /* Main.storyboard */ = {
			isa = PBXVariantGroup;
			children = (
				499C32571FA2BEF30071A110 /* Base */,
			);
			name = Main.storyboard;
			sourceTree = "<group>";
		};
		499C325B1FA2BEF30071A110 /* LaunchScreen.storyboard */ = {
			isa = PBXVariantGroup;
			children = (
				499C325C1FA2BEF30071A110 /* Base */,
			);
			name = LaunchScreen.storyboard;
			sourceTree = "<group>";
		};
/* End PBXVariantGroup section */

/* Begin XCBuildConfiguration section */
		499C32751FA2BEF40071A110 /* Debug */ = {
			isa = XCBuildConfiguration;
			buildSettings = {
				ALWAYS_SEARCH_USER_PATHS = NO;
				CLANG_ANALYZER_NONNULL = YES;
				CLANG_ANALYZER_NUMBER_OBJECT_CONVERSION = YES_AGGRESSIVE;
				CLANG_CXX_LANGUAGE_STANDARD = "gnu++14";
				CLANG_CXX_LIBRARY = "libc++";
				CLANG_ENABLE_MODULES = YES;
				CLANG_ENABLE_OBJC_ARC = YES;
				CLANG_WARN_BLOCK_CAPTURE_AUTORELEASING = YES;
				CLANG_WARN_BOOL_CONVERSION = YES;
				CLANG_WARN_COMMA = YES;
				CLANG_WARN_CONSTANT_CONVERSION = YES;
				CLANG_WARN_DIRECT_OBJC_ISA_USAGE = YES_ERROR;
				CLANG_WARN_DOCUMENTATION_COMMENTS = YES;
				CLANG_WARN_EMPTY_BODY = YES;
				CLANG_WARN_ENUM_CONVERSION = YES;
				CLANG_WARN_INFINITE_RECURSION = YES;
				CLANG_WARN_INT_CONVERSION = YES;
				CLANG_WARN_NON_LITERAL_NULL_CONVERSION = YES;
				CLANG_WARN_OBJC_LITERAL_CONVERSION = YES;
				CLANG_WARN_OBJC_ROOT_CLASS = YES_ERROR;
				CLANG_WARN_RANGE_LOOP_ANALYSIS = YES;
				CLANG_WARN_STRICT_PROTOTYPES = YES;
				CLANG_WARN_SUSPICIOUS_MOVE = YES;
				CLANG_WARN_UNGUARDED_AVAILABILITY = YES_AGGRESSIVE;
				CLANG_WARN_UNREACHABLE_CODE = YES;
				CLANG_WARN__DUPLICATE_METHOD_MATCH = YES;
				CODE_SIGN_IDENTITY = "iPhone Developer";
				COPY_PHASE_STRIP = NO;
				DEBUG_INFORMATION_FORMAT = dwarf;
				ENABLE_STRICT_OBJC_MSGSEND = YES;
				ENABLE_TESTABILITY = YES;
				GCC_C_LANGUAGE_STANDARD = gnu11;
				GCC_DYNAMIC_NO_PIC = NO;
				GCC_NO_COMMON_BLOCKS = YES;
				GCC_OPTIMIZATION_LEVEL = 0;
				GCC_PREPROCESSOR_DEFINITIONS = (
					"DEBUG=1",
					"$(inherited)",
				);
				GCC_WARN_64_TO_32_BIT_CONVERSION = YES;
				GCC_WARN_ABOUT_RETURN_TYPE = YES_ERROR;
				GCC_WARN_UNDECLARED_SELECTOR = YES;
				GCC_WARN_UNINITIALIZED_AUTOS = YES_AGGRESSIVE;
				GCC_WARN_UNUSED_FUNCTION = YES;
				GCC_WARN_UNUSED_VARIABLE = YES;
				IPHONEOS_DEPLOYMENT_TARGET = 11.0;
				MTL_ENABLE_DEBUG_INFO = YES;
				ONLY_ACTIVE_ARCH = YES;
				SDKROOT = iphoneos;
				SWIFT_ACTIVE_COMPILATION_CONDITIONS = DEBUG;
				SWIFT_OPTIMIZATION_LEVEL = "-Onone";
			};
			name = Debug;
		};
		499C32761FA2BEF40071A110 /* Release */ = {
			isa = XCBuildConfiguration;
			buildSettings = {
				ALWAYS_SEARCH_USER_PATHS = NO;
				CLANG_ANALYZER_NONNULL = YES;
				CLANG_ANALYZER_NUMBER_OBJECT_CONVERSION = YES_AGGRESSIVE;
				CLANG_CXX_LANGUAGE_STANDARD = "gnu++14";
				CLANG_CXX_LIBRARY = "libc++";
				CLANG_ENABLE_MODULES = YES;
				CLANG_ENABLE_OBJC_ARC = YES;
				CLANG_WARN_BLOCK_CAPTURE_AUTORELEASING = YES;
				CLANG_WARN_BOOL_CONVERSION = YES;
				CLANG_WARN_COMMA = YES;
				CLANG_WARN_CONSTANT_CONVERSION = YES;
				CLANG_WARN_DIRECT_OBJC_ISA_USAGE = YES_ERROR;
				CLANG_WARN_DOCUMENTATION_COMMENTS = YES;
				CLANG_WARN_EMPTY_BODY = YES;
				CLANG_WARN_ENUM_CONVERSION = YES;
				CLANG_WARN_INFINITE_RECURSION = YES;
				CLANG_WARN_INT_CONVERSION = YES;
				CLANG_WARN_NON_LITERAL_NULL_CONVERSION = YES;
				CLANG_WARN_OBJC_LITERAL_CONVERSION = YES;
				CLANG_WARN_OBJC_ROOT_CLASS = YES_ERROR;
				CLANG_WARN_RANGE_LOOP_ANALYSIS = YES;
				CLANG_WARN_STRICT_PROTOTYPES = YES;
				CLANG_WARN_SUSPICIOUS_MOVE = YES;
				CLANG_WARN_UNGUARDED_AVAILABILITY = YES_AGGRESSIVE;
				CLANG_WARN_UNREACHABLE_CODE = YES;
				CLANG_WARN__DUPLICATE_METHOD_MATCH = YES;
				CODE_SIGN_IDENTITY = "iPhone Developer";
				COPY_PHASE_STRIP = NO;
				DEBUG_INFORMATION_FORMAT = "dwarf-with-dsym";
				ENABLE_NS_ASSERTIONS = NO;
				ENABLE_STRICT_OBJC_MSGSEND = YES;
				GCC_C_LANGUAGE_STANDARD = gnu11;
				GCC_NO_COMMON_BLOCKS = YES;
				GCC_WARN_64_TO_32_BIT_CONVERSION = YES;
				GCC_WARN_ABOUT_RETURN_TYPE = YES_ERROR;
				GCC_WARN_UNDECLARED_SELECTOR = YES;
				GCC_WARN_UNINITIALIZED_AUTOS = YES_AGGRESSIVE;
				GCC_WARN_UNUSED_FUNCTION = YES;
				GCC_WARN_UNUSED_VARIABLE = YES;
				IPHONEOS_DEPLOYMENT_TARGET = 11.0;
				MTL_ENABLE_DEBUG_INFO = NO;
				SDKROOT = iphoneos;
				SWIFT_OPTIMIZATION_LEVEL = "-Owholemodule";
				VALIDATE_PRODUCT = YES;
			};
			name = Release;
		};
		499C32781FA2BEF40071A110 /* Debug */ = {
			isa = XCBuildConfiguration;
			baseConfigurationReference = 334B65F491911DA2D67F1D2E /* Pods-RxPokedex.debug.xcconfig */;
			buildSettings = {
				ASSETCATALOG_COMPILER_APPICON_NAME = AppIcon;
				CODE_SIGN_STYLE = Automatic;
				INFOPLIST_FILE = RxPokedex/Info.plist;
				LD_RUNPATH_SEARCH_PATHS = "$(inherited) @executable_path/Frameworks";
				PRODUCT_BUNDLE_IDENTIFIER = com.carlosbrenneisen.rxpokedex.RxPokedex;
				PRODUCT_NAME = "$(TARGET_NAME)";
				SWIFT_VERSION = 4.0;
				TARGETED_DEVICE_FAMILY = "1,2";
			};
			name = Debug;
		};
		499C32791FA2BEF40071A110 /* Release */ = {
			isa = XCBuildConfiguration;
			baseConfigurationReference = FAA6001888BA151DB67CB442 /* Pods-RxPokedex.release.xcconfig */;
			buildSettings = {
				ASSETCATALOG_COMPILER_APPICON_NAME = AppIcon;
				CODE_SIGN_STYLE = Automatic;
				INFOPLIST_FILE = RxPokedex/Info.plist;
				LD_RUNPATH_SEARCH_PATHS = "$(inherited) @executable_path/Frameworks";
				PRODUCT_BUNDLE_IDENTIFIER = com.carlosbrenneisen.rxpokedex.RxPokedex;
				PRODUCT_NAME = "$(TARGET_NAME)";
				SWIFT_VERSION = 4.0;
				TARGETED_DEVICE_FAMILY = "1,2";
			};
			name = Release;
		};
		499C327B1FA2BEF40071A110 /* Debug */ = {
			isa = XCBuildConfiguration;
			baseConfigurationReference = F3749E0C081F64AEEFF81BFA /* Pods-RxPokedexTests.debug.xcconfig */;
			buildSettings = {
				ALWAYS_EMBED_SWIFT_STANDARD_LIBRARIES = YES;
				BUNDLE_LOADER = "$(TEST_HOST)";
				CODE_SIGN_STYLE = Automatic;
				INFOPLIST_FILE = RxPokedexTests/Info.plist;
				LD_RUNPATH_SEARCH_PATHS = "$(inherited) @executable_path/Frameworks @loader_path/Frameworks";
				PRODUCT_BUNDLE_IDENTIFIER = com.carlosbrenneisen.rxpokedex.RxPokedexTests;
				PRODUCT_NAME = "$(TARGET_NAME)";
				SWIFT_VERSION = 4.0;
				TARGETED_DEVICE_FAMILY = "1,2";
				TEST_HOST = "$(BUILT_PRODUCTS_DIR)/RxPokedex.app/RxPokedex";
			};
			name = Debug;
		};
		499C327C1FA2BEF40071A110 /* Release */ = {
			isa = XCBuildConfiguration;
			baseConfigurationReference = D578E42A49C4285A1E54D02F /* Pods-RxPokedexTests.release.xcconfig */;
			buildSettings = {
				ALWAYS_EMBED_SWIFT_STANDARD_LIBRARIES = YES;
				BUNDLE_LOADER = "$(TEST_HOST)";
				CODE_SIGN_STYLE = Automatic;
				INFOPLIST_FILE = RxPokedexTests/Info.plist;
				LD_RUNPATH_SEARCH_PATHS = "$(inherited) @executable_path/Frameworks @loader_path/Frameworks";
				PRODUCT_BUNDLE_IDENTIFIER = com.carlosbrenneisen.rxpokedex.RxPokedexTests;
				PRODUCT_NAME = "$(TARGET_NAME)";
				SWIFT_VERSION = 4.0;
				TARGETED_DEVICE_FAMILY = "1,2";
				TEST_HOST = "$(BUILT_PRODUCTS_DIR)/RxPokedex.app/RxPokedex";
			};
			name = Release;
		};
		499C327E1FA2BEF40071A110 /* Debug */ = {
			isa = XCBuildConfiguration;
			baseConfigurationReference = A73193B3EA697A91A4C52A53 /* Pods-RxPokedexUITests.debug.xcconfig */;
			buildSettings = {
				ALWAYS_EMBED_SWIFT_STANDARD_LIBRARIES = YES;
				CODE_SIGN_STYLE = Automatic;
				INFOPLIST_FILE = RxPokedexUITests/Info.plist;
				LD_RUNPATH_SEARCH_PATHS = "$(inherited) @executable_path/Frameworks @loader_path/Frameworks";
				PRODUCT_BUNDLE_IDENTIFIER = com.carlosbrenneisen.rxpokedex.RxPokedexUITests;
				PRODUCT_NAME = "$(TARGET_NAME)";
				SWIFT_VERSION = 4.0;
				TARGETED_DEVICE_FAMILY = "1,2";
				TEST_TARGET_NAME = RxPokedex;
			};
			name = Debug;
		};
		499C327F1FA2BEF40071A110 /* Release */ = {
			isa = XCBuildConfiguration;
			baseConfigurationReference = C4AF55C77930583F22323800 /* Pods-RxPokedexUITests.release.xcconfig */;
			buildSettings = {
				ALWAYS_EMBED_SWIFT_STANDARD_LIBRARIES = YES;
				CODE_SIGN_STYLE = Automatic;
				INFOPLIST_FILE = RxPokedexUITests/Info.plist;
				LD_RUNPATH_SEARCH_PATHS = "$(inherited) @executable_path/Frameworks @loader_path/Frameworks";
				PRODUCT_BUNDLE_IDENTIFIER = com.carlosbrenneisen.rxpokedex.RxPokedexUITests;
				PRODUCT_NAME = "$(TARGET_NAME)";
				SWIFT_VERSION = 4.0;
				TARGETED_DEVICE_FAMILY = "1,2";
				TEST_TARGET_NAME = RxPokedex;
			};
			name = Release;
		};
/* End XCBuildConfiguration section */

/* Begin XCConfigurationList section */
		499C324A1FA2BEF30071A110 /* Build configuration list for PBXProject "RxPokedex" */ = {
			isa = XCConfigurationList;
			buildConfigurations = (
				499C32751FA2BEF40071A110 /* Debug */,
				499C32761FA2BEF40071A110 /* Release */,
			);
			defaultConfigurationIsVisible = 0;
			defaultConfigurationName = Release;
		};
		499C32771FA2BEF40071A110 /* Build configuration list for PBXNativeTarget "RxPokedex" */ = {
			isa = XCConfigurationList;
			buildConfigurations = (
				499C32781FA2BEF40071A110 /* Debug */,
				499C32791FA2BEF40071A110 /* Release */,
			);
			defaultConfigurationIsVisible = 0;
			defaultConfigurationName = Release;
		};
		499C327A1FA2BEF40071A110 /* Build configuration list for PBXNativeTarget "RxPokedexTests" */ = {
			isa = XCConfigurationList;
			buildConfigurations = (
				499C327B1FA2BEF40071A110 /* Debug */,
				499C327C1FA2BEF40071A110 /* Release */,
			);
			defaultConfigurationIsVisible = 0;
			defaultConfigurationName = Release;
		};
		499C327D1FA2BEF40071A110 /* Build configuration list for PBXNativeTarget "RxPokedexUITests" */ = {
			isa = XCConfigurationList;
			buildConfigurations = (
				499C327E1FA2BEF40071A110 /* Debug */,
				499C327F1FA2BEF40071A110 /* Release */,
			);
			defaultConfigurationIsVisible = 0;
			defaultConfigurationName = Release;
		};
/* End XCConfigurationList section */
	};
	rootObject = 499C32471FA2BEF30071A110 /* Project object */;
}
